{
    "version": 3,
    "terraform_version": "0.11.7",
    "serial": 10,
    "lineage": "956e0ea7-8f27-ca02-0201-b3e3ee9f9ff7",
    "modules": [
        {
            "path": [
                "root"
            ],
            "outputs": {},
            "resources": {
                "google_compute_instance.docker.0": {
                    "type": "google_compute_instance",
                    "depends_on": [],
                    "primary": {
                        "id": "reddit-app-0",
                        "attributes": {
                            "attached_disk.#": "0",
                            "boot_disk.#": "1",
                            "boot_disk.0.auto_delete": "true",
                            "boot_disk.0.device_name": "persistent-disk-0",
                            "boot_disk.0.disk_encryption_key_raw": "",
                            "boot_disk.0.disk_encryption_key_sha256": "",
                            "boot_disk.0.initialize_params.#": "1",
                            "boot_disk.0.initialize_params.0.image": "ubuntu-1604-lts",
                            "boot_disk.0.initialize_params.0.size": "0",
                            "boot_disk.0.initialize_params.0.type": "",
                            "boot_disk.0.source": "https://www.googleapis.com/compute/v1/projects/docker-201806/zones/europe-west1-b/disks/reddit-app-0",
                            "can_ip_forward": "false",
                            "cpu_platform": "Intel Skylake",
                            "create_timeout": "4",
                            "guest_accelerator.#": "0",
                            "id": "reddit-app-0",
                            "instance_id": "137677931969337561",
                            "label_fingerprint": "42WmSpB8rSM=",
                            "machine_type": "g1-small",
                            "metadata.%": "1",
                            "metadata.ssh-keys": "appuser:ssh-rsa AAAAB3NzaC1yc2EAAAADAQABAAABAQClM+gmbiHtGAon22S6KIXXRkgPOOxuzvEWi47O/clrHoEHpyStZt8Tm6Ihi3EANtceH0cNbzuU+vVc8W/f1tJwUsGVICL9t8CNZc+nXZ9J0UtP43zj2E5UOOxfKrZPXSv5NAWOrEZ4n7MAgyM4+5Yo/MnRaCj3vGGqDtlk76wd8ehtIuRvSt//INx82RW8fiMQ/dA83HqThS3l+EoeJp2ds7UfDMJInfmD6UvHxC1FWojHw9e2qicwLqAGkBk25QfvC5en0XEuCr08B3de0IBLboPc1kR59q8Gp5j1XQsg4ia5iD11dopIHhx4Uyxyr9yLUfAZlSJy8Hr+P7zmGIzT maksim@iMac-Maksim.local\n",
                            "metadata_fingerprint": "hk-hqliJ2SU=",
                            "min_cpu_platform": "",
                            "name": "reddit-app-0",
                            "network_interface.#": "1",
                            "network_interface.0.access_config.#": "1",
                            "network_interface.0.access_config.0.assigned_nat_ip": "35.195.92.100",
                            "network_interface.0.access_config.0.nat_ip": "35.195.92.100",
                            "network_interface.0.address": "10.132.0.2",
                            "network_interface.0.alias_ip_range.#": "0",
                            "network_interface.0.name": "nic0",
                            "network_interface.0.network": "https://www.googleapis.com/compute/v1/projects/docker-201806/global/networks/default",
                            "network_interface.0.network_ip": "10.132.0.2",
                            "network_interface.0.subnetwork": "https://www.googleapis.com/compute/v1/projects/docker-201806/regions/europe-west1/subnetworks/default",
                            "network_interface.0.subnetwork_project": "docker-201806",
                            "project": "docker-201806",
                            "scheduling.#": "1",
                            "scheduling.0.automatic_restart": "true",
                            "scheduling.0.on_host_maintenance": "MIGRATE",
                            "scheduling.0.preemptible": "false",
                            "scratch_disk.#": "0",
                            "self_link": "https://www.googleapis.com/compute/v1/projects/docker-201806/zones/europe-west1-b/instances/reddit-app-0",
                            "service_account.#": "0",
                            "tags.#": "1",
                            "tags.1745582882": "reddit-docker",
                            "tags_fingerprint": "XurDAztxquo=",
                            "zone": "europe-west1-b"
                        },
                        "meta": {
                            "schema_version": "6"
                        },
                        "tainted": false
                    },
                    "deposed": [],
                    "provider": "provider.google"
                },
                "google_compute_instance.docker.1": {
                    "type": "google_compute_instance",
                    "depends_on": [],
                    "primary": {
                        "id": "reddit-app-1",
                        "attributes": {
                            "attached_disk.#": "0",
                            "boot_disk.#": "1",
                            "boot_disk.0.auto_delete": "true",
                            "boot_disk.0.device_name": "persistent-disk-0",
                            "boot_disk.0.disk_encryption_key_raw": "",
                            "boot_disk.0.disk_encryption_key_sha256": "",
                            "boot_disk.0.initialize_params.#": "1",
                            "boot_disk.0.initialize_params.0.image": "ubuntu-1604-lts",
                            "boot_disk.0.initialize_params.0.size": "0",
                            "boot_disk.0.initialize_params.0.type": "",
                            "boot_disk.0.source": "https://www.googleapis.com/compute/v1/projects/docker-201806/zones/europe-west1-b/disks/reddit-app-1",
                            "can_ip_forward": "false",
                            "cpu_platform": "Intel Skylake",
                            "create_timeout": "4",
                            "guest_accelerator.#": "0",
                            "id": "reddit-app-1",
                            "instance_id": "4612966878681323737",
                            "label_fingerprint": "42WmSpB8rSM=",
                            "machine_type": "g1-small",
                            "metadata.%": "1",
                            "metadata.ssh-keys": "appuser:ssh-rsa AAAAB3NzaC1yc2EAAAADAQABAAABAQClM+gmbiHtGAon22S6KIXXRkgPOOxuzvEWi47O/clrHoEHpyStZt8Tm6Ihi3EANtceH0cNbzuU+vVc8W/f1tJwUsGVICL9t8CNZc+nXZ9J0UtP43zj2E5UOOxfKrZPXSv5NAWOrEZ4n7MAgyM4+5Yo/MnRaCj3vGGqDtlk76wd8ehtIuRvSt//INx82RW8fiMQ/dA83HqThS3l+EoeJp2ds7UfDMJInfmD6UvHxC1FWojHw9e2qicwLqAGkBk25QfvC5en0XEuCr08B3de0IBLboPc1kR59q8Gp5j1XQsg4ia5iD11dopIHhx4Uyxyr9yLUfAZlSJy8Hr+P7zmGIzT maksim@iMac-Maksim.local\n",
                            "metadata_fingerprint": "hk-hqliJ2SU=",
                            "min_cpu_platform": "",
                            "name": "reddit-app-1",
                            "network_interface.#": "1",
                            "network_interface.0.access_config.#": "1",
                            "network_interface.0.access_config.0.assigned_nat_ip": "35.195.92.62",
                            "network_interface.0.access_config.0.nat_ip": "35.195.92.62",
                            "network_interface.0.address": "10.132.0.4",
                            "network_interface.0.alias_ip_range.#": "0",
                            "network_interface.0.name": "nic0",
                            "network_interface.0.network": "https://www.googleapis.com/compute/v1/projects/docker-201806/global/networks/default",
                            "network_interface.0.network_ip": "10.132.0.4",
                            "network_interface.0.subnetwork": "https://www.googleapis.com/compute/v1/projects/docker-201806/regions/europe-west1/subnetworks/default",
                            "network_interface.0.subnetwork_project": "docker-201806",
                            "project": "docker-201806",
                            "scheduling.#": "1",
                            "scheduling.0.automatic_restart": "true",
                            "scheduling.0.on_host_maintenance": "MIGRATE",
                            "scheduling.0.preemptible": "false",
                            "scratch_disk.#": "0",
                            "self_link": "https://www.googleapis.com/compute/v1/projects/docker-201806/zones/europe-west1-b/instances/reddit-app-1",
                            "service_account.#": "0",
                            "tags.#": "1",
                            "tags.1745582882": "reddit-docker",
                            "tags_fingerprint": "XurDAztxquo=",
                            "zone": "europe-west1-b"
                        },
                        "meta": {
                            "schema_version": "6"
                        },
                        "tainted": false
                    },
                    "deposed": [],
                    "provider": "provider.google"
                },
                "google_compute_instance.docker.2": {
                    "type": "google_compute_instance",
                    "depends_on": [],
                    "primary": {
                        "id": "reddit-app-2",
                        "attributes": {
                            "attached_disk.#": "0",
                            "boot_disk.#": "1",
                            "boot_disk.0.auto_delete": "true",
                            "boot_disk.0.device_name": "persistent-disk-0",
                            "boot_disk.0.disk_encryption_key_raw": "",
                            "boot_disk.0.disk_encryption_key_sha256": "",
                            "boot_disk.0.initialize_params.#": "1",
                            "boot_disk.0.initialize_params.0.image": "ubuntu-1604-lts",
                            "boot_disk.0.initialize_params.0.size": "0",
                            "boot_disk.0.initialize_params.0.type": "",
                            "boot_disk.0.source": "https://www.googleapis.com/compute/v1/projects/docker-201806/zones/europe-west1-b/disks/reddit-app-2",
                            "can_ip_forward": "false",
                            "cpu_platform": "Intel Skylake",
                            "create_timeout": "4",
                            "guest_accelerator.#": "0",
                            "id": "reddit-app-2",
                            "instance_id": "8302628842924759257",
                            "label_fingerprint": "42WmSpB8rSM=",
                            "machine_type": "g1-small",
                            "metadata.%": "1",
                            "metadata.ssh-keys": "appuser:ssh-rsa AAAAB3NzaC1yc2EAAAADAQABAAABAQClM+gmbiHtGAon22S6KIXXRkgPOOxuzvEWi47O/clrHoEHpyStZt8Tm6Ihi3EANtceH0cNbzuU+vVc8W/f1tJwUsGVICL9t8CNZc+nXZ9J0UtP43zj2E5UOOxfKrZPXSv5NAWOrEZ4n7MAgyM4+5Yo/MnRaCj3vGGqDtlk76wd8ehtIuRvSt//INx82RW8fiMQ/dA83HqThS3l+EoeJp2ds7UfDMJInfmD6UvHxC1FWojHw9e2qicwLqAGkBk25QfvC5en0XEuCr08B3de0IBLboPc1kR59q8Gp5j1XQsg4ia5iD11dopIHhx4Uyxyr9yLUfAZlSJy8Hr+P7zmGIzT maksim@iMac-Maksim.local\n",
                            "metadata_fingerprint": "hk-hqliJ2SU=",
                            "min_cpu_platform": "",
                            "name": "reddit-app-2",
                            "network_interface.#": "1",
                            "network_interface.0.access_config.#": "1",
                            "network_interface.0.access_config.0.assigned_nat_ip": "35.195.131.250",
                            "network_interface.0.access_config.0.nat_ip": "35.195.131.250",
                            "network_interface.0.address": "10.132.0.3",
                            "network_interface.0.alias_ip_range.#": "0",
                            "network_interface.0.name": "nic0",
                            "network_interface.0.network": "https://www.googleapis.com/compute/v1/projects/docker-201806/global/networks/default",
                            "network_interface.0.network_ip": "10.132.0.3",
                            "network_interface.0.subnetwork": "https://www.googleapis.com/compute/v1/projects/docker-201806/regions/europe-west1/subnetworks/default",
                            "network_interface.0.subnetwork_project": "docker-201806",
                            "project": "docker-201806",
                            "scheduling.#": "1",
                            "scheduling.0.automatic_restart": "true",
                            "scheduling.0.on_host_maintenance": "MIGRATE",
                            "scheduling.0.preemptible": "false",
                            "scratch_disk.#": "0",
                            "self_link": "https://www.googleapis.com/compute/v1/projects/docker-201806/zones/europe-west1-b/instances/reddit-app-2",
                            "service_account.#": "0",
                            "tags.#": "1",
                            "tags.1745582882": "reddit-docker",
                            "tags_fingerprint": "XurDAztxquo=",
                            "zone": "europe-west1-b"
                        },
                        "meta": {
                            "schema_version": "6"
                        },
                        "tainted": false
                    },
                    "deposed": [],
                    "provider": "provider.google"
                }
            },
            "depends_on": []
        }
    ]
}
